
Microsoft Visual Studio Solution File, Format Version 12.00
# Visual Studio Version 17
VisualStudioVersion = 17.12.35323.107
MinimumVisualStudioVersion = 10.0.40219.1
Project("{8BC9CEB8-8B4A-11D0-8D11-00A0C91BC942}") = "5.3", "5.3\5.3.vcxproj", "{F63841F0-D40C-45CF-A86C-CE569EAC0FC6}"
EndProject
Project("{8BC9CEB8-8B4A-11D0-8D11-00A0C91BC942}") = "unit_test_5.3", "unit_test_5.3\unit_test_5.3.vcxproj", "{668F295F-813F-4AF7-AC45-4E4153415C09}"
EndProject
Global
	GlobalSection(SolutionConfigurationPlatforms) = preSolution
		Debug|x64 = Debug|x64
		Debug|x86 = Debug|x86
		Release|x64 = Release|x64
		Release|x86 = Release|x86
	EndGlobalSection
	GlobalSection(ProjectConfigurationPlatforms) = postSolution
		{F63841F0-D40C-45CF-A86C-CE569EAC0FC6}.Debug|x64.ActiveCfg = Debug|x64
		{F63841F0-D40C-45CF-A86C-CE569EAC0FC6}.Debug|x64.Build.0 = Debug|x64
		{F63841F0-D40C-45CF-A86C-CE569EAC0FC6}.Debug|x86.ActiveCfg = Debug|Win32
		{F63841F0-D40C-45CF-A86C-CE569EAC0FC6}.Debug|x86.Build.0 = Debug|Win32
		{F63841F0-D40C-45CF-A86C-CE569EAC0FC6}.Release|x64.ActiveCfg = Release|x64
		{F63841F0-D40C-45CF-A86C-CE569EAC0FC6}.Release|x64.Build.0 = Release|x64
		{F63841F0-D40C-45CF-A86C-CE569EAC0FC6}.Release|x86.ActiveCfg = Release|Win32
		{F63841F0-D40C-45CF-A86C-CE569EAC0FC6}.Release|x86.Build.0 = Release|Win32
		{668F295F-813F-4AF7-AC45-4E4153415C09}.Debug|x64.ActiveCfg = Debug|x64
		{668F295F-813F-4AF7-AC45-4E4153415C09}.Debug|x64.Build.0 = Debug|x64
		{668F295F-813F-4AF7-AC45-4E4153415C09}.Debug|x86.ActiveCfg = Debug|Win32
		{668F295F-813F-4AF7-AC45-4E4153415C09}.Debug|x86.Build.0 = Debug|Win32
		{668F295F-813F-4AF7-AC45-4E4153415C09}.Release|x64.ActiveCfg = Release|x64
		{668F295F-813F-4AF7-AC45-4E4153415C09}.Release|x64.Build.0 = Release|x64
		{668F295F-813F-4AF7-AC45-4E4153415C09}.Release|x86.ActiveCfg = Release|Win32
		{668F295F-813F-4AF7-AC45-4E4153415C09}.Release|x86.Build.0 = Release|Win32
	EndGlobalSection
	GlobalSection(SolutionProperties) = preSolution
		HideSolutionNode = FALSE
	EndGlobalSection
	GlobalSection(ExtensibilityGlobals) = postSolution
		SolutionGuid = {FD63E5A2-8EE5-4036-B8DF-1E38399AB9F7}
	EndGlobalSection
EndGlobal
